{
    "_meta": {
        "hash": {
            "sha256": "7b9a3620d6b10301240f8e91bfb03c89b015a51d35b56a96dcd7ec92418e420e"
        },
        "pipfile-spec": 6,
        "requires": {
            "python_version": "3.7"
        },
        "sources": [
            {
                "name": "pypi",
                "url": "https://pypi.org/simple",
                "verify_ssl": true
            }
        ]
    },
    "default": {
        "asn1crypto": {
            "hashes": [
                "sha256:4bcdf33c861c7d40bdcd74d8e4dd7661aac320fcdf40b9a3f95b4ee12fde2fa8",
                "sha256:f4f6e119474e58e04a2b1af817eb585b4fd72bdd89b998624712b5c99be7641c"
            ],
            "version": "==1.4.0"
        },
        "awswrangler": {
            "hashes": [
                "sha256:7a0c640d9eecb93986f7fa8d4ce314d2aef7ef4223b1de21c6eec0bfc1487b6b",
                "sha256:c913884f52b6e085dc50ac4e1d80b97308e505f37aecc00d6f16d3130264157e"
            ],
            "index": "pypi",
            "version": "==2.13.0"
        },
        "beautifulsoup4": {
            "hashes": [
                "sha256:9a315ce70049920ea4572a4055bc4bd700c940521d36fc858205ad4fcde149bf",
                "sha256:c23ad23c521d818955a4151a67d81580319d4bf548d3d49f4223ae041ff98891"
            ],
            "markers": "python_version >= '3.1'",
            "version": "==4.10.0"
        },
        "boto3": {
            "hashes": [
                "sha256:9c13f5c8fadf29088fac5feab849399169b6e8438c3b9a2310abdb7e5013ab65",
                "sha256:e8787a7f7c212d5b469dd8b998560c1b8e63badad5ceefb8331f4580386af044"
            ],
            "markers": "python_version >= '3.6'",
            "version": "==1.20.26"
        },
        "botocore": {
            "hashes": [
                "sha256:0a933e3af6ecf79666beb2dfcb52a60f8ad1fee7df507f2a9202fe26fe569483",
                "sha256:298f4d4e29504f65f73e8f78084f830af45cec49087d7d8fcf09481e243b26ec"
            ],
            "markers": "python_version >= '3.6'",
            "version": "==1.23.26"
        },
        "certifi": {
            "hashes": [
                "sha256:78884e7c1d4b00ce3cea67b44566851c4343c120abd683433ce934a68ea58872",
                "sha256:d62a0163eb4c2344ac042ab2bdf75399a71a2d8c7d47eac2e2ee91b9d6339569"
            ],
            "version": "==2021.10.8"
        },
        "cftime": {
            "hashes": [
                "sha256:01882a6f540f61b87db7e6c1a389d278e97b63b8c40457df7d5b98a25413c1a7",
                "sha256:06033c132beb5e560f1957c048fdfbb3c876b3cc2f3e5e0f664927d98b5fae44",
                "sha256:2ebdc5b20fb113ad0aa41c61fa7f9d52cb3a22b4b847ed2bf653d7e1f81ae8e2",
                "sha256:35cb5cbcbd9f8083265a3ce4283ebc62114e28d589d6bf62d98532ada6cfc890",
                "sha256:40517a5c2352c847f919b7f29963015c37c071ebc2e89ecc4f62aa4b80d9a72e",
                "sha256:4260ca466a445af7b243d84a7c96833b9261bdfd15ba86028d9710b7d700f490",
                "sha256:5850ed2ae6c218d57249cf75fa27accd4e3436617a8ea9cd2bea6cb031f449fd",
                "sha256:6db9129b4f26202c1ba4610b667693e686922011bd7166e7573dea668bb70c88",
                "sha256:6dc4d76ec7fe5a2d3c00dbe6604c757f1319613b75ef157554ef3648bf102a50",
                "sha256:72eff06667df45cc87c7b50c87ee67471a32b73cdfaac903bb65945823a4bdf3",
                "sha256:75dc17b031e85feece5a5770f00342dedeb4349dc530bcd1cd25deb7064cab32",
                "sha256:940fcaec3159e8ba6ad93bd939108c665c35650fcf6cd026687b40b48bca8110",
                "sha256:a220f9652f34038c0d9ca275bbfb50efc52dbf867733746cf8a7dcd3b5b84cf1",
                "sha256:ae7151d4c0759f7263d3baf4ca7283f715f99a02cf3bd4cf2403ae0e5312b64e",
                "sha256:bcca217713f6468ea0fe18637ff2a113bcb5cf9c7328ba535a0323033110e419",
                "sha256:bcdf2a3d52a36e81e30d07ae93afdeb057cca8eb0a28c21cfef1f523ade1fe74",
                "sha256:c5d0985d99a4c749d90016e993dedd6c37c5b6d459b5747eb3a14e9ad63dc669",
                "sha256:cd33cd2e220c1c283f6fe3273352d7754795f86835ad04520f26a441a5b45193",
                "sha256:db62b4383815596a92acb6cfa3779b208292aa17f90c10669ee50806b2795cee",
                "sha256:e3196615252312762ce2196664b2614d254d5e4d2b0cf5c7866c5916e45cec66",
                "sha256:f549ad17102403984a9c865313f758c346cbb04dd4550946cab81a5fea132ff3",
                "sha256:fae15273aafd0c9382637b03ef6fa51274c28c84dc3b459a969be2121f41c648",
                "sha256:fd2311da209bbcff4221d344cb6ee217ce6b465832b013106e1ae21e947818f8",
                "sha256:fdfc3f3da4efc22ae22096c2b20ac9d5da01b3038c4ed4407fcd501efab26099",
                "sha256:ff292fcd4d2322fe28bcc0c9e70a37e048858aa68a9aaa43710a73100fa1e77d"
            ],
            "version": "==1.5.1.1"
        },
        "charset-normalizer": {
            "hashes": [
                "sha256:1eecaa09422db5be9e29d7fc65664e6c33bd06f9ced7838578ba40d58bdf3721",
                "sha256:b0b883e8e874edfdece9c28f314e3dd5badf067342e42fb162203335ae61aa2c"
            ],
            "markers": "python_version >= '3'",
            "version": "==2.0.9"
        },
        "decorator": {
            "hashes": [
                "sha256:7b12e7c3c6ab203a29e157335e9122cb03de9ab7264b137594103fd4a683b374",
                "sha256:e59913af105b9860aa2c8d3272d9de5a56a4e608db9a2f167a8480b323d529a7"
            ],
            "markers": "python_version >= '3.5'",
            "version": "==5.1.0"
        },
        "et-xmlfile": {
            "hashes": [
                "sha256:8eb9e2bc2f8c97e37a2dc85a09ecdcdec9d8a396530a6d5a33b30b9a92da0c5c",
                "sha256:a2ba85d1d6a74ef63837eed693bcb89c3f752169b0e3e7ae5b16ca5e1b3deada"
            ],
            "markers": "python_version >= '3.6'",
            "version": "==1.1.0"
        },
        "idna": {
            "hashes": [
                "sha256:84d9dd047ffa80596e0f246e2eab0b391788b0503584e8945f2368256d2735ff",
                "sha256:9d643ff0a55b762d5cdb124b8eaa99c66322e2157b69160bc32796e824360e6d"
            ],
            "markers": "python_version >= '3'",
            "version": "==3.3"
        },
        "jmespath": {
            "hashes": [
                "sha256:b85d0567b8666149a93172712e68920734333c0ce7e89b78b3e987f71e5ed4f9",
                "sha256:cdf6525904cc597730141d61b36f2e4b8ecc257c420fa2f4549bac2c2d0cb72f"
            ],
            "markers": "python_version >= '2.6' and python_version not in '3.0, 3.1, 3.2, 3.3'",
            "version": "==0.10.0"
        },
        "jsonpath-ng": {
            "hashes": [
                "sha256:292a93569d74029ba75ac2dc3d3630fc0e17b2df26119a165fa1d498ca47bf65",
                "sha256:a273b182a82c1256daab86a313b937059261b5c5f8c4fa3fc38b882b344dd567",
                "sha256:f75b95dbecb8a0f3b86fd2ead21c2b022c3f5770957492b9b6196ecccfeb10aa"
            ],
            "version": "==1.5.3"
        },
        "lxml": {
            "hashes": [
                "sha256:0607ff0988ad7e173e5ddf7bf55ee65534bd18a5461183c33e8e41a59e89edf4",
                "sha256:09b738360af8cb2da275998a8bf79517a71225b0de41ab47339c2beebfff025f",
                "sha256:0a5f0e4747f31cff87d1eb32a6000bde1e603107f632ef4666be0dc065889c7a",
                "sha256:0b5e96e25e70917b28a5391c2ed3ffc6156513d3db0e1476c5253fcd50f7a944",
                "sha256:1104a8d47967a414a436007c52f533e933e5d52574cab407b1e49a4e9b5ddbd1",
                "sha256:13dbb5c7e8f3b6a2cf6e10b0948cacb2f4c9eb05029fe31c60592d08ac63180d",
                "sha256:2a906c3890da6a63224d551c2967413b8790a6357a80bf6b257c9a7978c2c42d",
                "sha256:317bd63870b4d875af3c1be1b19202de34c32623609ec803b81c99193a788c1e",
                "sha256:34c22eb8c819d59cec4444d9eebe2e38b95d3dcdafe08965853f8799fd71161d",
                "sha256:36b16fecb10246e599f178dd74f313cbdc9f41c56e77d52100d1361eed24f51a",
                "sha256:38d9759733aa04fb1697d717bfabbedb21398046bd07734be7cccc3d19ea8675",
                "sha256:3e26ad9bc48d610bf6cc76c506b9e5ad9360ed7a945d9be3b5b2c8535a0145e3",
                "sha256:41358bfd24425c1673f184d7c26c6ae91943fe51dfecc3603b5e08187b4bcc55",
                "sha256:447d5009d6b5447b2f237395d0018901dcc673f7d9f82ba26c1b9f9c3b444b60",
                "sha256:44f552e0da3c8ee3c28e2eb82b0b784200631687fc6a71277ea8ab0828780e7d",
                "sha256:490712b91c65988012e866c411a40cc65b595929ececf75eeb4c79fcc3bc80a6",
                "sha256:4c093c571bc3da9ebcd484e001ba18b8452903cd428c0bc926d9b0141bcb710e",
                "sha256:50d3dba341f1e583265c1a808e897b4159208d814ab07530202b6036a4d86da5",
                "sha256:534e946bce61fd162af02bad7bfd2daec1521b71d27238869c23a672146c34a5",
                "sha256:585ea241ee4961dc18a95e2f5581dbc26285fcf330e007459688096f76be8c42",
                "sha256:59e7da839a1238807226f7143c68a479dee09244d1b3cf8c134f2fce777d12d0",
                "sha256:5b0f782f0e03555c55e37d93d7a57454efe7495dab33ba0ccd2dbe25fc50f05d",
                "sha256:5bee1b0cbfdb87686a7fb0e46f1d8bd34d52d6932c0723a86de1cc532b1aa489",
                "sha256:610807cea990fd545b1559466971649e69302c8a9472cefe1d6d48a1dee97440",
                "sha256:6308062534323f0d3edb4e702a0e26a76ca9e0e23ff99be5d82750772df32a9e",
                "sha256:67fa5f028e8a01e1d7944a9fb616d1d0510d5d38b0c41708310bd1bc45ae89f6",
                "sha256:6a2ab9d089324d77bb81745b01f4aeffe4094306d939e92ba5e71e9a6b99b71e",
                "sha256:6c198bfc169419c09b85ab10cb0f572744e686f40d1e7f4ed09061284fc1303f",
                "sha256:6e56521538f19c4a6690f439fefed551f0b296bd785adc67c1777c348beb943d",
                "sha256:6ec829058785d028f467be70cd195cd0aaf1a763e4d09822584ede8c9eaa4b03",
                "sha256:718d7208b9c2d86aaf0294d9381a6acb0158b5ff0f3515902751404e318e02c9",
                "sha256:735e3b4ce9c0616e85f302f109bdc6e425ba1670a73f962c9f6b98a6d51b77c9",
                "sha256:772057fba283c095db8c8ecde4634717a35c47061d24f889468dc67190327bcd",
                "sha256:7b5e2acefd33c259c4a2e157119c4373c8773cf6793e225006a1649672ab47a6",
                "sha256:82d16a64236970cb93c8d63ad18c5b9f138a704331e4b916b2737ddfad14e0c4",
                "sha256:87c1b0496e8c87ec9db5383e30042357b4839b46c2d556abd49ec770ce2ad868",
                "sha256:8e54945dd2eeb50925500957c7c579df3cd07c29db7810b83cf30495d79af267",
                "sha256:9393a05b126a7e187f3e38758255e0edf948a65b22c377414002d488221fdaa2",
                "sha256:9fbc0dee7ff5f15c4428775e6fa3ed20003140560ffa22b88326669d53b3c0f4",
                "sha256:a1613838aa6b89af4ba10a0f3a972836128801ed008078f8c1244e65958f1b24",
                "sha256:a1bbc4efa99ed1310b5009ce7f3a1784698082ed2c1ef3895332f5df9b3b92c2",
                "sha256:a555e06566c6dc167fbcd0ad507ff05fd9328502aefc963cb0a0547cfe7f00db",
                "sha256:a58d78653ae422df6837dd4ca0036610b8cb4962b5cfdbd337b7b24de9e5f98a",
                "sha256:a5edc58d631170de90e50adc2cc0248083541affef82f8cd93bea458e4d96db8",
                "sha256:a5f623aeaa24f71fce3177d7fee875371345eb9102b355b882243e33e04b7175",
                "sha256:adaab25be351fff0d8a691c4f09153647804d09a87a4e4ea2c3f9fe9e8651851",
                "sha256:ade74f5e3a0fd17df5782896ddca7ddb998845a5f7cd4b0be771e1ffc3b9aa5b",
                "sha256:b1d381f58fcc3e63fcc0ea4f0a38335163883267f77e4c6e22d7a30877218a0e",
                "sha256:bf6005708fc2e2c89a083f258b97709559a95f9a7a03e59f805dd23c93bc3986",
                "sha256:d546431636edb1d6a608b348dd58cc9841b81f4116745857b6cb9f8dadb2725f",
                "sha256:d5618d49de6ba63fe4510bdada62d06a8acfca0b4b5c904956c777d28382b419",
                "sha256:dfd0d464f3d86a1460683cd742306d1138b4e99b79094f4e07e1ca85ee267fe7",
                "sha256:e18281a7d80d76b66a9f9e68a98cf7e1d153182772400d9a9ce855264d7d0ce7",
                "sha256:e410cf3a2272d0a85526d700782a2fa92c1e304fdcc519ba74ac80b8297adf36",
                "sha256:e662c6266e3a275bdcb6bb049edc7cd77d0b0f7e119a53101d367c841afc66dc",
                "sha256:ec9027d0beb785a35aa9951d14e06d48cfbf876d8ff67519403a2522b181943b",
                "sha256:eed394099a7792834f0cb4a8f615319152b9d801444c1c9e1b1a2c36d2239f9e",
                "sha256:f76dbe44e31abf516114f6347a46fa4e7c2e8bceaa4b6f7ee3a0a03c8eba3c17",
                "sha256:fc15874816b9320581133ddc2096b644582ab870cf6a6ed63684433e7af4b0d3",
                "sha256:fc9fb11b65e7bc49f7f75aaba1b700f7181d95d4e151cf2f24d51bfd14410b77"
            ],
            "markers": "python_version >= '2.7' and python_version not in '3.0, 3.1, 3.2, 3.3, 3.4'",
            "version": "==4.7.1"
        },
        "netcdf4": {
            "hashes": [
                "sha256:0774309a8b684654c0bbd4d55bcccaa399ffa6870b5dc2e35dbe919ec637a51f",
                "sha256:0f570b5b4cc0434ef8a2a648fdebfa017de695ea7c836b24ae7b216ede4e3345",
                "sha256:1442048c93ac668d61d1675a0b0f3aea3a73efa2969636af0cb95a52d119acec",
                "sha256:225d17f7a487ebdab99640294203b61e39e01c951b4e6a4f578d8251623f5f5a",
                "sha256:29426faabdc017e89572ff1d7835dab426aae4c22ad1a12d1877b932e969b6ac",
                "sha256:318ef7dd29b365f3921f9b359ba54f62cfe3aa46ab4464f45c43624d15c4bf55",
                "sha256:339e534057be0b1998f80faeb8f9851f28b42cee5a6047e1adf12c0e38235437",
                "sha256:49a44c7382e5e1da39d8bab5d8e406ad30d46fda9386e85a3e69491e6caaca93",
                "sha256:5c883a02c55fd1e5b61ad4f83dd7f11f90b894e14d120ba678d9c33d9e4b3a77",
                "sha256:7326afa46fd0c1b50d30db9764a1eefbcff576fcffa8e48bef403094590563b8",
                "sha256:7519c1e8ad8d3d72636a0aedb5d79bb90556037a59d83811e2057f09ca272b52",
                "sha256:75ecf1ef2c841aace539f3326d101efda7c99f6c3283c48a444370aba48525af",
                "sha256:804d312a10e6fb196df16bf0d811624d885a51b7ebb3bc648278faa62ffece26",
                "sha256:8b4fac95819b0c17ca5fc1a4e8bb31116b6b808cceca0aa8b475bb50abab1063",
                "sha256:916434a13ea317934cf248fb70dd5476c498f1def71041fc7e3fd23882ef2cda",
                "sha256:a9ba575047ba1be7cf5f1b712c987ce329b4d092582d92c2e268296a06bfa639",
                "sha256:b2b0f370cda5cc5f46239e0a219bf8d4cf442c7d49dbd1c89abb39e71e266c60",
                "sha256:bd35c37342d9051d2b8fb12a9208856cc59201a94c78a742a198c81813cb00a8",
                "sha256:bdba6ea34680a4c1b7018a4a7155f6112acd063289923c0c61918707e9f26910",
                "sha256:bdd344d8de65849fa200f69941f1b15a2611b11b307161ce2fd8ff42148507e8",
                "sha256:ca3d468f4812c0999df86e3f428851fb0c17ac34ce0827115c246b0b690e4e84",
                "sha256:cdb54afe51c1b06e900c0df5e8567d713ff7a26bf087116a88a99858345dadc6",
                "sha256:d784d6cf5baa90909f385bf60ead91138f13ff7f870467e458fb3650ef71b48d",
                "sha256:e118bfccda464a381187b1f9c771bf9581c83c566faab309a8ec3f781668da4e",
                "sha256:f5e9e1ca99aca1f6d40054ef42b97cf6d00c59d8a438f580cf9dfc309a8eb870",
                "sha256:f86399073b582bccd278006ee0213548e7037395e1119f1af9f4faad38279b1e",
                "sha256:f92b92f758dfc903af2a8a287fd68a531f73ffd3e5be72b5ad1eb3f083e7aaa2",
                "sha256:fd501ccb28ebae6770112968c750a14feb39cb495d788aa67c28360f7c1f2324"
            ],
            "index": "pypi",
            "version": "==1.5.8"
        },
        "numpy": {
            "hashes": [
                "sha256:00c9fa73a6989895b8815d98300a20ac993c49ac36c8277e8ffeaa3631c0dbbb",
                "sha256:025b497014bc33fc23897859350f284323f32a2fff7654697f5a5fc2a19e9939",
                "sha256:08de8472d9f7571f9d51b27b75e827f5296295fa78817032e84464be8bb905bc",
                "sha256:1964db2d4a00348b7a60ee9d013c8cb0c566644a589eaa80995126eac3b99ced",
                "sha256:2a9add27d7fc0fdb572abc3b2486eb3b1395da71e0254c5552b2aad2a18b5441",
                "sha256:2d8adfca843bc46ac199a4645233f13abf2011a0b2f4affc5c37cd552626f27b",
                "sha256:301e408a052fdcda5cdcf03021ebafc3c6ea093021bf9d1aa47c54d48bdad166",
                "sha256:311283acf880cfcc20369201bd75da907909afc4666966c7895cbed6f9d2c640",
                "sha256:341dddcfe3b7b6427a28a27baa59af5ad51baa59bfec3264f1ab287aa3b30b13",
                "sha256:3a5098df115340fb17fc93867317a947e1dcd978c3888c5ddb118366095851f8",
                "sha256:3c978544be9e04ed12016dd295a74283773149b48f507d69b36f91aa90a643e5",
                "sha256:3d893b0871322eaa2f8c7072cdb552d8e2b27645b7875a70833c31e9274d4611",
                "sha256:4fe6a006557b87b352c04596a6e3f12a57d6e5f401d804947bd3188e6b0e0e76",
                "sha256:507c05c7a37b3683eb08a3ff993bd1ee1e6c752f77c2f275260533b265ecdb6c",
                "sha256:58ca1d7c8aef6e996112d0ce873ac9dfa1eaf4a1196b4ff7ff73880a09923ba7",
                "sha256:61bada43d494515d5b122f4532af226fdb5ee08fe5b5918b111279843dc6836a",
                "sha256:69a5a8d71c308d7ef33ef72371c2388a90e3495dbb7993430e674006f94797d5",
                "sha256:6a5928bc6241264dce5ed509e66f33676fc97f464e7a919edc672fb5532221ee",
                "sha256:7b9d6b14fc9a4864b08d1ba57d732b248f0e482c7b2ff55c313137e3ed4d8449",
                "sha256:a7c4b701ca418cd39e28ec3b496e6388fe06de83f5f0cb74794fa31cfa384c02",
                "sha256:a7e8f6216f180f3fd4efb73de5d1eaefb5f5a1ee5b645c67333033e39440e63a",
                "sha256:b545ebadaa2b878c8630e5bcdb97fc4096e779f335fc0f943547c1c91540c815",
                "sha256:c293d3c0321996cd8ffe84215ffe5d269fd9d1d12c6f4ffe2b597a7c30d3e593",
                "sha256:c5562bcc1a9b61960fc8950ade44d00e3de28f891af0acc96307c73613d18f6e",
                "sha256:ca9c23848292c6fe0a19d212790e62f398fd9609aaa838859be8459bfbe558aa",
                "sha256:cc1b30205d138d1005adb52087ff45708febbef0e420386f58664f984ef56954",
                "sha256:dbce7adeb66b895c6aaa1fad796aaefc299ced597f6fbd9ceddb0dd735245354",
                "sha256:dc4b2fb01f1b4ddbe2453468ea0719f4dbb1f5caa712c8b21bb3dd1480cd30d9",
                "sha256:eed2afaa97ec33b4411995be12f8bdb95c87984eaa28d76cf628970c8a2d689a",
                "sha256:fc7a7d7b0ed72589fd8b8486b9b42a564f10b8762be8bd4d9df94b807af4a089"
            ],
            "index": "pypi",
            "version": "==1.21.5"
        },
        "openpyxl": {
            "hashes": [
                "sha256:40f568b9829bf9e446acfffce30250ac1fa39035124d55fc024025c41481c90f",
                "sha256:8f3b11bd896a95468a4ab162fc4fcd260d46157155d1f8bfaabb99d88cfcf79f"
            ],
            "markers": "python_version >= '3.6'",
            "version": "==3.0.9"
        },
        "opensearch-py": {
            "hashes": [
                "sha256:17afebc25dc890b96c4e9ec8692dcfdb6842c028ce8c2d252e8f55c587960177",
                "sha256:fa952836cabfa1b2fb05f852edc1a373342494345e89fd52b7124daf4d296bb4"
            ],
            "markers": "python_version >= '2.7' and python_version not in '3.0, 3.1, 3.2, 3.3' and python_version < '4'",
            "version": "==1.0.0"
        },
        "packaging": {
            "hashes": [
                "sha256:dd47c42927d89ab911e606518907cc2d3a1f38bbd026385970643f9c5b8ecfeb",
                "sha256:ef103e05f519cdc783ae24ea4e2e0f508a9c99b2d4969652eed6a2e1ea5bd522"
            ],
            "markers": "python_version >= '3.6'",
            "version": "==21.3"
        },
        "pandas": {
            "hashes": [
                "sha256:0a643bae4283a37732ddfcecab3f62dd082996021b980f580903f4e8e01b3c5b",
                "sha256:0de3ddb414d30798cbf56e642d82cac30a80223ad6fe484d66c0ce01a84d6f2f",
                "sha256:19a2148a1d02791352e9fa637899a78e371a3516ac6da5c4edc718f60cbae648",
                "sha256:21b5a2b033380adbdd36b3116faaf9a4663e375325831dac1b519a44f9e439bb",
                "sha256:24c7f8d4aee71bfa6401faeba367dd654f696a77151a8a28bc2013f7ced4af98",
                "sha256:26fa92d3ac743a149a31b21d6f4337b0594b6302ea5575b37af9ca9611e8981a",
                "sha256:2860a97cbb25444ffc0088b457da0a79dc79f9c601238a3e0644312fcc14bf11",
                "sha256:2b1c6cd28a0dfda75c7b5957363333f01d370936e4c6276b7b8e696dd500582a",
                "sha256:2c2f7c670ea4e60318e4b7e474d56447cf0c7d83b3c2a5405a0dbb2600b9c48e",
                "sha256:3be7a7a0ca71a2640e81d9276f526bca63505850add10206d0da2e8a0a325dae",
                "sha256:4c62e94d5d49db116bef1bd5c2486723a292d79409fc9abd51adf9e05329101d",
                "sha256:5008374ebb990dad9ed48b0f5d0038124c73748f5384cc8c46904dace27082d9",
                "sha256:5447ea7af4005b0daf695a316a423b96374c9c73ffbd4533209c5ddc369e644b",
                "sha256:573fba5b05bf2c69271a32e52399c8de599e4a15ab7cec47d3b9c904125ab788",
                "sha256:5a780260afc88268a9d3ac3511d8f494fdcf637eece62fb9eb656a63d53eb7ca",
                "sha256:70865f96bb38fec46f7ebd66d4b5cfd0aa6b842073f298d621385ae3898d28b5",
                "sha256:731568be71fba1e13cae212c362f3d2ca8932e83cb1b85e3f1b4dd77d019254a",
                "sha256:b61080750d19a0122469ab59b087380721d6b72a4e7d962e4d7e63e0c4504814",
                "sha256:bf23a3b54d128b50f4f9d4675b3c1857a688cc6731a32f931837d72effb2698d",
                "sha256:c16d59c15d946111d2716856dd5479221c9e4f2f5c7bc2d617f39d870031e086",
                "sha256:c61c043aafb69329d0f961b19faa30b1dab709dd34c9388143fc55680059e55a",
                "sha256:c94ff2780a1fd89f190390130d6d36173ca59fcfb3fe0ff596f9a56518191ccb",
                "sha256:edda9bacc3843dfbeebaf7a701763e68e741b08fccb889c003b0a52f0ee95782",
                "sha256:f10fc41ee3c75a474d3bdf68d396f10782d013d7f67db99c0efbfd0acb99701b"
            ],
            "index": "pypi",
            "version": "==1.1.5"
        },
        "pg8000": {
            "hashes": [
                "sha256:fa95b112ba940e227b6de81bda1a16a653d4fdafa7d92baf5116236210417989",
                "sha256:fd69ad5af2781e59608cb3f4d966b234d961c62f093edd3194ac45df65b8d1d4"
            ],
            "markers": "python_version >= '3.6'",
            "version": "==1.22.1"
        },
        "ply": {
            "hashes": [
                "sha256:00c7c1aaa88358b9c765b6d3000c6eec0ba42abca5351b095321aef446081da3",
                "sha256:096f9b8350b65ebd2fd1346b12452efe5b9607f7482813ffca50c22722a807ce"
            ],
            "version": "==3.11"
        },
        "progressbar2": {
            "hashes": [
                "sha256:86835d1f1a9317ab41aeb1da5e4184975e2306586839d66daf63067c102f8f04",
                "sha256:e98fee031da31ab9138fd8dd838ac80eafba82764eb75a43d25e3ca622f47d14"
            ],
            "version": "==3.55.0"
        },
        "pyarrow": {
            "hashes": [
                "sha256:02baee816456a6e64486e587caaae2bf9f084fa3a891354ff18c3e945a1cb72f",
                "sha256:04c752fb41921d0064568a15a87dbb0222cfbe9040d4b2c1b306fe6e0a453530",
                "sha256:0e0ef24b316c544f4bb56f5c376129097df3739e665feca0eb567f716d45c55a",
                "sha256:1cd4de317df01679e538004123d6d7bc325d73bad5c6bbc3d5f8aa2280408869",
                "sha256:1f4f3db1da51db4cfbafab3066a01b01578884206dced9f505da950d9ed4402d",
                "sha256:1fd077c06061b8fa8fdf91591a4270e368f63cf73c6ab56924d3b64efa96a873",
                "sha256:2403c8af207262ce8e2bc1a9d19313941fd2e424f1cb3c4b749c17efe1fd699a",
                "sha256:2523f87bd36877123fc8c4813f60d298722143ead73e907690a87e8557114693",
                "sha256:2c13ec3b26b3b069d673c5fa3a0c70c38f0d5c94686ac5dbc9d7e7d24040f812",
                "sha256:31038366484e538608f43920a5e2957b8862a43aa49438814619b527f50ec127",
                "sha256:423990d56cd8f12283b67367d48e142739b789085185018eb03d05087c3c8d43",
                "sha256:5308f4bb770b48e07c8cff36cf6a4452862e8ce9492428ad5581d846420b3884",
                "sha256:604782b1c744b24a55df80125991a7154fbdef60991eb3d02bfaed06d22f055e",
                "sha256:632bea00c2fbe2da5d29ff1698fec312ed3aabfb548f06100144e1907e22093a",
                "sha256:6b6483bf6b61fe9a046235e4ad4d9286b707607878d7dbdc2eb85a6ec4090baf",
                "sha256:71891049dc58039a9523e1cb0d921be001dacb2b327fa7b62a35b96a3aad9f0d",
                "sha256:725d3fe49dfe392ff14a8ae6a75b230a60e8985f2b621b18cfa912fe02b65f1a",
                "sha256:7ecad40a1d4e0104cd87757a403f36850261e7a989cf9e4cb3e30420bbbd1092",
                "sha256:8f7d34efb9d667f9204b40ce91a77613c46691c24cd098e3b6986bd7401b8f06",
                "sha256:943141dd8cca6c5722552a0b11a3c2e791cdf85f1768dea8170b0a8a7e824ff9",
                "sha256:954326b426eec6e31ff55209f8840b54d788420e96c4005aaa7beed1fe60b42d",
                "sha256:981ccdf4f2696550733e18da882469893d2f33f55f3cbeb6a90f81741cbf67aa",
                "sha256:9e90e75cb11e61ffeffb374f1db7c4788f1df0cb269596bf86c473155294958d",
                "sha256:a424fd9a3253d0322d53be7bbb20b5b01511706a61efadcf37f416da325e3d48",
                "sha256:b63b54dd0bada05fff76c15b233f9322de0e6947071b7871ec45024e16045aeb",
                "sha256:b8628269bd9289cae0ea668f5900451043252fe3666667f614e140084dd31aac",
                "sha256:c3a727642c1283dcb44728f0d0a00f8864b171e31c835f4b8def07e3fa8f5c73",
                "sha256:c80d2436294a07f9cc54852aa1cef034b6f9c97d29235c4bd53bbf52e24f1ebf",
                "sha256:c958cf3a4a9eee09e1063c02b89e882d19c61b3a2ce6cbd55191a6f45ed5004b",
                "sha256:cde4f711cd9476d4da18128c3a40cb529b6b7d2679aee6e0576212547530fef1",
                "sha256:d29605727865177918e806d855fd8404b6242bf1e56ade0a0023cd4fe5f7f841",
                "sha256:dc03c875e5d68b0d0143f94c438add3ab3c2411ade2748423a9c24608fea571e",
                "sha256:e3c9184335da8faf08c0df95668ce9d778df3795ce4eec959f44908742900e10",
                "sha256:e77b1f7c6c08ec319b7882c1a7c7304731530923532b3243060e6e64c456cf34",
                "sha256:f150b4f222d0ba397388908725692232345adaa8e58ad543ca00f03c7234ae7b",
                "sha256:fab8132193ae095c43b1e8d6d7f393451ac198de5aaf011c6b576b1442966fec"
            ],
            "markers": "python_version >= '3.6'",
            "version": "==6.0.1"
        },
        "pymysql": {
            "hashes": [
                "sha256:41fc3a0c5013d5f039639442321185532e3e2c8924687abe6537de157d403641",
                "sha256:816927a350f38d56072aeca5dfb10221fe1dc653745853d30a216637f5d7ad36"
            ],
            "markers": "python_version >= '3.6'",
            "version": "==1.0.2"
        },
        "pyparsing": {
            "hashes": [
                "sha256:04ff808a5b90911829c55c4e26f75fa5ca8a2f5f36aa3a51f68e27033341d3e4",
                "sha256:d9bdec0013ef1eb5a84ab39a3b3868911598afa494f5faa038647101504e2b81"
            ],
            "markers": "python_version >= '3.6'",
            "version": "==3.0.6"
        },
        "python-dateutil": {
            "hashes": [
                "sha256:0123cacc1627ae19ddf3c27a5de5bd67ee4586fbdd6440d9748f8abb483d3e86",
                "sha256:961d03dc3453ebbc59dbdea9e4e11c5651520a876d0f4db161e8674aae935da9"
            ],
            "markers": "python_version >= '2.7' and python_version not in '3.0, 3.1, 3.2, 3.3'",
            "version": "==2.8.2"
        },
        "python-utils": {
            "hashes": [
                "sha256:c4dbd30a56e4eb9213e850334de0aa316c78affd6f1a7995ff698b6720aa5ecb",
                "sha256:cc9822f7e5040a0251edef18dcd39a4458e63e48254e64f016950f0f03cddd88"
            ],
            "version": "==2.6.3"
        },
        "pytz": {
            "hashes": [
                "sha256:3672058bc3453457b622aab7a1c3bfd5ab0bdae451512f6cf25f64ed37f5b87c",
                "sha256:acad2d8b20a1af07d4e4c9d2e9285c5ed9104354062f275f3fcd88dcef4f1326"
            ],
            "version": "==2021.3"
        },
        "redshift-connector": {
            "hashes": [
                "sha256:9f2732deecb1d25da93878c4f03f0b47689e601290c6c7e57421d9b8e46c9d6f"
            ],
            "markers": "python_version >= '3.6'",
            "version": "==2.0.902"
        },
        "requests": {
            "hashes": [
                "sha256:6c1246513ecd5ecd4528a0906f910e8f0f9c6b8ec72030dc9fd154dc1a6efd24",
                "sha256:b8aa58f8cf793ffd8782d3d8cb19e66ef36f7aba4353eec859e74678b01b07a7"
            ],
            "markers": "python_version >= '2.7' and python_version not in '3.0, 3.1, 3.2, 3.3, 3.4, 3.5'",
            "version": "==2.26.0"
        },
        "requests-aws4auth": {
            "hashes": [
                "sha256:c0883346ce30b5018903a67da88df72f73ff06e1a320845bba9cd85e811ba0ba",
                "sha256:dfd9f930ffde48a756b72b55698a8522875ea6358dcffbcc44a66700ace31783"
            ],
            "version": "==1.1.1"
        },
        "s3transfer": {
            "hashes": [
                "sha256:50ed823e1dc5868ad40c8dc92072f757aa0e653a192845c94a3b676f4a62da4c",
                "sha256:9c1dc369814391a6bda20ebbf4b70a0f34630592c9aa520856bf384916af2803"
            ],
            "markers": "python_version >= '3.6'",
            "version": "==0.5.0"
        },
        "scramp": {
            "hashes": [
                "sha256:93c9cc2ffe54a451e02981c07a5a23cbd830701102789939cfb4ff91efd6ca8c",
                "sha256:f964801077be9be2a1416ffe255d2d78834b3d9d5c8ce5d28f76a856f209f70e"
            ],
            "markers": "python_version >= '3.6'",
            "version": "==1.4.1"
        },
        "six": {
            "hashes": [
                "sha256:1e61c37477a1626458e36f7b1d82aa5c9b094fa4802892072e49de9c60c4c926",
                "sha256:8abb2f1d86890a2dfb989f9a77cfcfd3e47c2a354b01111771326f8aa26e0254"
            ],
            "markers": "python_version >= '2.7' and python_version not in '3.0, 3.1, 3.2, 3.3'",
            "version": "==1.16.0"
        },
        "soupsieve": {
            "hashes": [
                "sha256:1a3cca2617c6b38c0343ed661b1fa5de5637f257d4fe22bd9f1338010a1efefb",
                "sha256:b8d49b1cd4f037c7082a9683dfa1801aa2597fb11c3a1155b7a5b94829b4f1f9"
            ],
            "markers": "python_version >= '3.6'",
            "version": "==2.3.1"
        },
        "urllib3": {
            "hashes": [
                "sha256:4987c65554f7a2dbf30c18fd48778ef124af6fab771a377103da0585e2336ece",
                "sha256:c4fdf4019605b6e5423637e01bc9fe4daef873709a7973e195ceba0a62bbc844"
            ],
            "markers": "python_version >= '2.7' and python_version not in '3.0, 3.1, 3.2, 3.3, 3.4' and python_version < '4'",
            "version": "==1.26.7"
        }
    },
    "develop": {}
}
